
Microsoft Visual Studio Solution File, Format Version 12.00
# Visual Studio Version 17
VisualStudioVersion = 17.4.33403.182
MinimumVisualStudioVersion = 10.0.40219.1
Project("{2150E333-8FDC-42A3-9474-1A3956D46DE8}") = "1. EnterpriseBusines.Rules", "1. EnterpriseBusines.Rules", "{54A2ACD0-08EE-4ABC-8A85-52BF36251AF4}"
EndProject
Project("{2150E333-8FDC-42A3-9474-1A3956D46DE8}") = "2. Applications.Business.Rules", "2. Applications.Business.Rules", "{524AC8B9-DB80-43D2-933F-CCC143F5F32C}"
EndProject
Project("{2150E333-8FDC-42A3-9474-1A3956D46DE8}") = "3. Interface.Adapters", "3. Interface.Adapters", "{65854F3E-6DB9-4CF4-AF26-A505C3245ACB}"
EndProject
Project("{2150E333-8FDC-42A3-9474-1A3956D46DE8}") = "4. Framework.AndDrivers", "4. Framework.AndDrivers", "{CA2F92F8-867E-4AC7-813A-B72E23903408}"
EndProject
Project("{9A19103F-16F7-4668-BE54-9A1E7A4F7556}") = "Mover.Entities", "Mover.Entities\Mover.Entities.csproj", "{DAF65236-4825-4C78-BD28-EE1AD4CC7B06}"
EndProject
Project("{2150E333-8FDC-42A3-9474-1A3956D46DE8}") = "Gateways", "Gateways", "{9EFE98A3-42F6-4F69-BDE7-1949F2C00DC6}"
EndProject
Project("{9A19103F-16F7-4668-BE54-9A1E7A4F7556}") = "Mover.Repositories.EFCore", "Mover.Repositories.EFCore\Mover.Repositories.EFCore.csproj", "{CDCF4DF6-BE58-446B-9300-D4BB0951ACBD}"
EndProject
Project("{9A19103F-16F7-4668-BE54-9A1E7A4F7556}") = "Mover.DTO", "Mover.DTO\Mover.DTO.csproj", "{3E8EC9FF-2684-4B40-9D4E-E0E6413F899F}"
EndProject
Project("{9A19103F-16F7-4668-BE54-9A1E7A4F7556}") = "Mover.UseCases", "Mover.UseCases\Mover.UseCases.csproj", "{D647F05C-0F38-498F-933F-15C3F46DF932}"
EndProject
Project("{9A19103F-16F7-4668-BE54-9A1E7A4F7556}") = "Mover.UseCasesPorts", "Mover.UseCasesPorts\Mover.UseCasesPorts.csproj", "{D0EDFD24-08EF-40B5-BD2D-31A7A8880A0E}"
EndProject
Project("{2150E333-8FDC-42A3-9474-1A3956D46DE8}") = "Controllers", "Controllers", "{7D449D8E-2121-457E-9296-1DA57A2DEFDA}"
EndProject
Project("{9A19103F-16F7-4668-BE54-9A1E7A4F7556}") = "Mover.Controllers", "Mover.Controllers\Mover.Controllers.csproj", "{59DB33FD-3F15-4CE7-8B5F-0D87D647CB3A}"
EndProject
Project("{2150E333-8FDC-42A3-9474-1A3956D46DE8}") = "Presenters", "Presenters", "{37EBA116-8195-4339-AE99-E4AA59FB914A}"
EndProject
Project("{9A19103F-16F7-4668-BE54-9A1E7A4F7556}") = "Mover.Presenter", "Mover.Presenter\Mover.Presenter.csproj", "{BC50C3A4-41A1-40C1-81FB-5ED17DDE123E}"
EndProject
Project("{9A19103F-16F7-4668-BE54-9A1E7A4F7556}") = "Mover.IoC", "Mover.IoC\Mover.IoC.csproj", "{AC1FDC05-D9CC-4B4C-837D-9C5FC329B870}"
EndProject
Project("{9A19103F-16F7-4668-BE54-9A1E7A4F7556}") = "Mover.API", "Mover.API\Mover.API.csproj", "{E4D245EE-6786-496E-BE08-009B3E92E8CC}"
EndProject
Global
	GlobalSection(SolutionConfigurationPlatforms) = preSolution
		Debug|Any CPU = Debug|Any CPU
		Release|Any CPU = Release|Any CPU
	EndGlobalSection
	GlobalSection(ProjectConfigurationPlatforms) = postSolution
		{DAF65236-4825-4C78-BD28-EE1AD4CC7B06}.Debug|Any CPU.ActiveCfg = Debug|Any CPU
		{DAF65236-4825-4C78-BD28-EE1AD4CC7B06}.Debug|Any CPU.Build.0 = Debug|Any CPU
		{DAF65236-4825-4C78-BD28-EE1AD4CC7B06}.Release|Any CPU.ActiveCfg = Release|Any CPU
		{DAF65236-4825-4C78-BD28-EE1AD4CC7B06}.Release|Any CPU.Build.0 = Release|Any CPU
		{CDCF4DF6-BE58-446B-9300-D4BB0951ACBD}.Debug|Any CPU.ActiveCfg = Debug|Any CPU
		{CDCF4DF6-BE58-446B-9300-D4BB0951ACBD}.Debug|Any CPU.Build.0 = Debug|Any CPU
		{CDCF4DF6-BE58-446B-9300-D4BB0951ACBD}.Release|Any CPU.ActiveCfg = Release|Any CPU
		{CDCF4DF6-BE58-446B-9300-D4BB0951ACBD}.Release|Any CPU.Build.0 = Release|Any CPU
		{3E8EC9FF-2684-4B40-9D4E-E0E6413F899F}.Debug|Any CPU.ActiveCfg = Debug|Any CPU
		{3E8EC9FF-2684-4B40-9D4E-E0E6413F899F}.Debug|Any CPU.Build.0 = Debug|Any CPU
		{3E8EC9FF-2684-4B40-9D4E-E0E6413F899F}.Release|Any CPU.ActiveCfg = Release|Any CPU
		{3E8EC9FF-2684-4B40-9D4E-E0E6413F899F}.Release|Any CPU.Build.0 = Release|Any CPU
		{D647F05C-0F38-498F-933F-15C3F46DF932}.Debug|Any CPU.ActiveCfg = Debug|Any CPU
		{D647F05C-0F38-498F-933F-15C3F46DF932}.Debug|Any CPU.Build.0 = Debug|Any CPU
		{D647F05C-0F38-498F-933F-15C3F46DF932}.Release|Any CPU.ActiveCfg = Release|Any CPU
		{D647F05C-0F38-498F-933F-15C3F46DF932}.Release|Any CPU.Build.0 = Release|Any CPU
		{D0EDFD24-08EF-40B5-BD2D-31A7A8880A0E}.Debug|Any CPU.ActiveCfg = Debug|Any CPU
		{D0EDFD24-08EF-40B5-BD2D-31A7A8880A0E}.Debug|Any CPU.Build.0 = Debug|Any CPU
		{D0EDFD24-08EF-40B5-BD2D-31A7A8880A0E}.Release|Any CPU.ActiveCfg = Release|Any CPU
		{D0EDFD24-08EF-40B5-BD2D-31A7A8880A0E}.Release|Any CPU.Build.0 = Release|Any CPU
		{59DB33FD-3F15-4CE7-8B5F-0D87D647CB3A}.Debug|Any CPU.ActiveCfg = Debug|Any CPU
		{59DB33FD-3F15-4CE7-8B5F-0D87D647CB3A}.Debug|Any CPU.Build.0 = Debug|Any CPU
		{59DB33FD-3F15-4CE7-8B5F-0D87D647CB3A}.Release|Any CPU.ActiveCfg = Release|Any CPU
		{59DB33FD-3F15-4CE7-8B5F-0D87D647CB3A}.Release|Any CPU.Build.0 = Release|Any CPU
		{BC50C3A4-41A1-40C1-81FB-5ED17DDE123E}.Debug|Any CPU.ActiveCfg = Debug|Any CPU
		{BC50C3A4-41A1-40C1-81FB-5ED17DDE123E}.Debug|Any CPU.Build.0 = Debug|Any CPU
		{BC50C3A4-41A1-40C1-81FB-5ED17DDE123E}.Release|Any CPU.ActiveCfg = Release|Any CPU
		{BC50C3A4-41A1-40C1-81FB-5ED17DDE123E}.Release|Any CPU.Build.0 = Release|Any CPU
		{AC1FDC05-D9CC-4B4C-837D-9C5FC329B870}.Debug|Any CPU.ActiveCfg = Debug|Any CPU
		{AC1FDC05-D9CC-4B4C-837D-9C5FC329B870}.Debug|Any CPU.Build.0 = Debug|Any CPU
		{AC1FDC05-D9CC-4B4C-837D-9C5FC329B870}.Release|Any CPU.ActiveCfg = Release|Any CPU
		{AC1FDC05-D9CC-4B4C-837D-9C5FC329B870}.Release|Any CPU.Build.0 = Release|Any CPU
		{E4D245EE-6786-496E-BE08-009B3E92E8CC}.Debug|Any CPU.ActiveCfg = Debug|Any CPU
		{E4D245EE-6786-496E-BE08-009B3E92E8CC}.Debug|Any CPU.Build.0 = Debug|Any CPU
		{E4D245EE-6786-496E-BE08-009B3E92E8CC}.Release|Any CPU.ActiveCfg = Release|Any CPU
		{E4D245EE-6786-496E-BE08-009B3E92E8CC}.Release|Any CPU.Build.0 = Release|Any CPU
	EndGlobalSection
	GlobalSection(SolutionProperties) = preSolution
		HideSolutionNode = FALSE
	EndGlobalSection
	GlobalSection(NestedProjects) = preSolution
		{DAF65236-4825-4C78-BD28-EE1AD4CC7B06} = {54A2ACD0-08EE-4ABC-8A85-52BF36251AF4}
		{9EFE98A3-42F6-4F69-BDE7-1949F2C00DC6} = {65854F3E-6DB9-4CF4-AF26-A505C3245ACB}
		{CDCF4DF6-BE58-446B-9300-D4BB0951ACBD} = {9EFE98A3-42F6-4F69-BDE7-1949F2C00DC6}
		{3E8EC9FF-2684-4B40-9D4E-E0E6413F899F} = {524AC8B9-DB80-43D2-933F-CCC143F5F32C}
		{D647F05C-0F38-498F-933F-15C3F46DF932} = {524AC8B9-DB80-43D2-933F-CCC143F5F32C}
		{D0EDFD24-08EF-40B5-BD2D-31A7A8880A0E} = {524AC8B9-DB80-43D2-933F-CCC143F5F32C}
		{7D449D8E-2121-457E-9296-1DA57A2DEFDA} = {65854F3E-6DB9-4CF4-AF26-A505C3245ACB}
		{59DB33FD-3F15-4CE7-8B5F-0D87D647CB3A} = {7D449D8E-2121-457E-9296-1DA57A2DEFDA}
		{37EBA116-8195-4339-AE99-E4AA59FB914A} = {65854F3E-6DB9-4CF4-AF26-A505C3245ACB}
		{BC50C3A4-41A1-40C1-81FB-5ED17DDE123E} = {37EBA116-8195-4339-AE99-E4AA59FB914A}
		{AC1FDC05-D9CC-4B4C-837D-9C5FC329B870} = {9EFE98A3-42F6-4F69-BDE7-1949F2C00DC6}
		{E4D245EE-6786-496E-BE08-009B3E92E8CC} = {CA2F92F8-867E-4AC7-813A-B72E23903408}
	EndGlobalSection
	GlobalSection(ExtensibilityGlobals) = postSolution
		SolutionGuid = {06C054F7-8D22-4CBA-A6A2-3CD73A92C8AB}
	EndGlobalSection
EndGlobal
